
Microsoft Visual Studio Solution File, Format Version 12.00
# Visual Studio Version 16
VisualStudioVersion = 16.0.29920.165
MinimumVisualStudioVersion = 10.0.40219.1
Project("{FAE04EC0-301F-11D3-BF4B-00C04F79EFBC}") = "CodeFirs", "CodeFirs.csproj", "{DE3FD297-173A-4A4B-81BA-CAC1AA272CF5}"
EndProject
Global
	GlobalSection(SolutionConfigurationPlatforms) = preSolution
		Debug|Any CPU = Debug|Any CPU
		Release|Any CPU = Release|Any CPU
	EndGlobalSection
	GlobalSection(ProjectConfigurationPlatforms) = postSolution
		{DE3FD297-173A-4A4B-81BA-CAC1AA272CF5}.Debug|Any CPU.ActiveCfg = Debug|Any CPU
		{DE3FD297-173A-4A4B-81BA-CAC1AA272CF5}.Debug|Any CPU.Build.0 = Debug|Any CPU
		{DE3FD297-173A-4A4B-81BA-CAC1AA272CF5}.Release|Any CPU.ActiveCfg = Release|Any CPU
		{DE3FD297-173A-4A4B-81BA-CAC1AA272CF5}.Release|Any CPU.Build.0 = Release|Any CPU
	EndGlobalSection
	GlobalSection(SolutionProperties) = preSolution
		HideSolutionNode = FALSE
	EndGlobalSection
	GlobalSection(ExtensibilityGlobals) = postSolution
		SolutionGuid = {015B53C8-D519-4165-9156-4541E524B396}
	EndGlobalSection
EndGlobal
